
Microsoft Visual Studio Solution File, Format Version 12.00
# Visual Studio Version 16
VisualStudioVersion = 16.0.29411.108
MinimumVisualStudioVersion = 10.0.40219.1
Project("{FAE04EC0-301F-11D3-BF4B-00C04F79EFBC}") = "MediaIdadePessoas", "MediaIdadePessoas.csproj", "{14279C40-D022-4830-8850-EB23F9AE64E7}"
EndProject
Global
	GlobalSection(SolutionConfigurationPlatforms) = preSolution
		Debug|Any CPU = Debug|Any CPU
		Release|Any CPU = Release|Any CPU
	EndGlobalSection
	GlobalSection(ProjectConfigurationPlatforms) = postSolution
		{14279C40-D022-4830-8850-EB23F9AE64E7}.Debug|Any CPU.ActiveCfg = Debug|Any CPU
		{14279C40-D022-4830-8850-EB23F9AE64E7}.Debug|Any CPU.Build.0 = Debug|Any CPU
		{14279C40-D022-4830-8850-EB23F9AE64E7}.Release|Any CPU.ActiveCfg = Release|Any CPU
		{14279C40-D022-4830-8850-EB23F9AE64E7}.Release|Any CPU.Build.0 = Release|Any CPU
	EndGlobalSection
	GlobalSection(SolutionProperties) = preSolution
		HideSolutionNode = FALSE
	EndGlobalSection
	GlobalSection(ExtensibilityGlobals) = postSolution
		SolutionGuid = {C8258FBF-99B8-4A19-AD48-09A24AAA1AE1}
	EndGlobalSection
EndGlobal
